
Microsoft Visual Studio Solution File, Format Version 12.00
# Visual Studio Version 16
VisualStudioVersion = 16.0.29926.136
MinimumVisualStudioVersion = 10.0.40219.1
Project("{FAE04EC0-301F-11D3-BF4B-00C04F79EFBC}") = "svanTipuricBrowser", "svanTipuricBrowser\svanTipuricBrowser.csproj", "{D291008D-62B4-4868-9A07-4D3CE8B817BD}"
EndProject
Global
	GlobalSection(SolutionConfigurationPlatforms) = preSolution
		Debug|Any CPU = Debug|Any CPU
		Release|Any CPU = Release|Any CPU
	EndGlobalSection
	GlobalSection(ProjectConfigurationPlatforms) = postSolution
		{D291008D-62B4-4868-9A07-4D3CE8B817BD}.Debug|Any CPU.ActiveCfg = Debug|Any CPU
		{D291008D-62B4-4868-9A07-4D3CE8B817BD}.Debug|Any CPU.Build.0 = Debug|Any CPU
		{D291008D-62B4-4868-9A07-4D3CE8B817BD}.Release|Any CPU.ActiveCfg = Release|Any CPU
		{D291008D-62B4-4868-9A07-4D3CE8B817BD}.Release|Any CPU.Build.0 = Release|Any CPU
	EndGlobalSection
	GlobalSection(SolutionProperties) = preSolution
		HideSolutionNode = FALSE
	EndGlobalSection
	GlobalSection(ExtensibilityGlobals) = postSolution
		SolutionGuid = {884DEAB0-2644-4538-B96E-B1C9137E0CA3}
	EndGlobalSection
EndGlobal
